
Microsoft Visual Studio Solution File, Format Version 12.00
# Visual Studio Version 17
VisualStudioVersion = 17.14.36327.8 d17.14
MinimumVisualStudioVersion = 10.0.40219.1
Project("{FAE04EC0-301F-11D3-BF4B-00C04F79EFBC}") = "Console　loop", "Console　loop\Console　loop.csproj", "{A60674EF-46AA-4BA1-A06F-783222B9206B}"
EndProject
Global
	GlobalSection(SolutionConfigurationPlatforms) = preSolution
		Debug|Any CPU = Debug|Any CPU
		Release|Any CPU = Release|Any CPU
	EndGlobalSection
	GlobalSection(ProjectConfigurationPlatforms) = postSolution
		{A60674EF-46AA-4BA1-A06F-783222B9206B}.Debug|Any CPU.ActiveCfg = Debug|Any CPU
		{A60674EF-46AA-4BA1-A06F-783222B9206B}.Debug|Any CPU.Build.0 = Debug|Any CPU
		{A60674EF-46AA-4BA1-A06F-783222B9206B}.Release|Any CPU.ActiveCfg = Release|Any CPU
		{A60674EF-46AA-4BA1-A06F-783222B9206B}.Release|Any CPU.Build.0 = Release|Any CPU
	EndGlobalSection
	GlobalSection(SolutionProperties) = preSolution
		HideSolutionNode = FALSE
	EndGlobalSection
	GlobalSection(ExtensibilityGlobals) = postSolution
		SolutionGuid = {B771307F-66A4-41F4-B459-C690F5A30CEB}
	EndGlobalSection
EndGlobal
